
Microsoft Visual Studio Solution File, Format Version 12.00
# Visual Studio Version 17
VisualStudioVersion = 17.14.36203.30
MinimumVisualStudioVersion = 10.0.40219.1
Project("{FAE04EC0-301F-11D3-BF4B-00C04F79EFBC}") = "Student Hostel Management System", "Student Hostel Management System.csproj", "{DB6CF54B-A17D-4C63-85CA-A81ECE0D81EF}"
EndProject
Global
	GlobalSection(SolutionConfigurationPlatforms) = preSolution
		Debug|Any CPU = Debug|Any CPU
		Release|Any CPU = Release|Any CPU
	EndGlobalSection
	GlobalSection(ProjectConfigurationPlatforms) = postSolution
		{DB6CF54B-A17D-4C63-85CA-A81ECE0D81EF}.Debug|Any CPU.ActiveCfg = Debug|Any CPU
		{DB6CF54B-A17D-4C63-85CA-A81ECE0D81EF}.Debug|Any CPU.Build.0 = Debug|Any CPU
		{DB6CF54B-A17D-4C63-85CA-A81ECE0D81EF}.Release|Any CPU.ActiveCfg = Release|Any CPU
		{DB6CF54B-A17D-4C63-85CA-A81ECE0D81EF}.Release|Any CPU.Build.0 = Release|Any CPU
	EndGlobalSection
	GlobalSection(SolutionProperties) = preSolution
		HideSolutionNode = FALSE
	EndGlobalSection
	GlobalSection(ExtensibilityGlobals) = postSolution
		SolutionGuid = {1822EDC3-27EA-4EB7-A4CE-9840DD21FA46}
	EndGlobalSection
EndGlobal
